
Microsoft Visual Studio Solution File, Format Version 12.00
# Visual Studio Version 16
VisualStudioVersion = 16.0.31019.35
MinimumVisualStudioVersion = 10.0.40219.1
Project("{FAE04EC0-301F-11D3-BF4B-00C04F79EFBC}") = "LA6-POE_Sample_CSharp", "LA6-POE_Sample_CSharp\LA6-POE_Sample_CSharp.csproj", "{8954F979-9F22-45CF-8A55-D180C3299547}"
EndProject
Global
	GlobalSection(SolutionConfigurationPlatforms) = preSolution
		Debug|Any CPU = Debug|Any CPU
		Release|Any CPU = Release|Any CPU
	EndGlobalSection
	GlobalSection(ProjectConfigurationPlatforms) = postSolution
		{8954F979-9F22-45CF-8A55-D180C3299547}.Debug|Any CPU.ActiveCfg = Debug|Any CPU
		{8954F979-9F22-45CF-8A55-D180C3299547}.Debug|Any CPU.Build.0 = Debug|Any CPU
		{8954F979-9F22-45CF-8A55-D180C3299547}.Release|Any CPU.ActiveCfg = Release|Any CPU
		{8954F979-9F22-45CF-8A55-D180C3299547}.Release|Any CPU.Build.0 = Release|Any CPU
	EndGlobalSection
	GlobalSection(SolutionProperties) = preSolution
		HideSolutionNode = FALSE
	EndGlobalSection
	GlobalSection(ExtensibilityGlobals) = postSolution
		SolutionGuid = {C6DC493F-F473-41A5-8456-FB541B6BF41A}
	EndGlobalSection
EndGlobal
